
Microsoft Visual Studio Solution File, Format Version 12.00
# Visual Studio Version 17
VisualStudioVersion = 17.0.31903.59
MinimumVisualStudioVersion = 10.0.40219.1
Project("{2150E333-8FDC-42A3-9474-1A3956D46DE8}") = "src", "src", "{827E0CD3-B72D-47B6-A68D-7590B98EB39B}"
EndProject
Project("{FAE04EC0-301F-11D3-BF4B-00C04F79EFBC}") = "OwlNet.Domain", "src\OwlNet.Domain\OwlNet.Domain.csproj", "{E7168B54-201A-4374-BFE2-F8964D098C8C}"
EndProject
Project("{FAE04EC0-301F-11D3-BF4B-00C04F79EFBC}") = "OwlNet.Application", "src\OwlNet.Application\OwlNet.Application.csproj", "{B0E5FD77-5DBC-4591-B58F-7AAFB3AD9017}"
EndProject
Project("{FAE04EC0-301F-11D3-BF4B-00C04F79EFBC}") = "OwlNet.Infrastructure", "src\OwlNet.Infrastructure\OwlNet.Infrastructure.csproj", "{935C8459-BE70-4065-A13E-D2E7792CC394}"
EndProject
Project("{FAE04EC0-301F-11D3-BF4B-00C04F79EFBC}") = "OwlNet.Web", "src\OwlNet.Web\OwlNet.Web.csproj", "{AE3605C2-4793-47D7-8B27-4E9F875F22D1}"
EndProject
Project("{2150E333-8FDC-42A3-9474-1A3956D46DE8}") = "tests", "tests", "{0AB3BF05-4346-4AA6-1389-037BE0695223}"
EndProject
Project("{FAE04EC0-301F-11D3-BF4B-00C04F79EFBC}") = "OwlNet.Tests", "tests\OwlNet.Tests\OwlNet.Tests.csproj", "{4A752EDC-7CBA-4A04-B9A8-46795E6A065E}"
EndProject
Global
	GlobalSection(SolutionConfigurationPlatforms) = preSolution
		Debug|Any CPU = Debug|Any CPU
		Debug|x64 = Debug|x64
		Debug|x86 = Debug|x86
		Release|Any CPU = Release|Any CPU
		Release|x64 = Release|x64
		Release|x86 = Release|x86
	EndGlobalSection
	GlobalSection(ProjectConfigurationPlatforms) = postSolution
		{E7168B54-201A-4374-BFE2-F8964D098C8C}.Debug|Any CPU.ActiveCfg = Debug|Any CPU
		{E7168B54-201A-4374-BFE2-F8964D098C8C}.Debug|Any CPU.Build.0 = Debug|Any CPU
		{E7168B54-201A-4374-BFE2-F8964D098C8C}.Debug|x64.ActiveCfg = Debug|Any CPU
		{E7168B54-201A-4374-BFE2-F8964D098C8C}.Debug|x64.Build.0 = Debug|Any CPU
		{E7168B54-201A-4374-BFE2-F8964D098C8C}.Debug|x86.ActiveCfg = Debug|Any CPU
		{E7168B54-201A-4374-BFE2-F8964D098C8C}.Debug|x86.Build.0 = Debug|Any CPU
		{E7168B54-201A-4374-BFE2-F8964D098C8C}.Release|Any CPU.ActiveCfg = Release|Any CPU
		{E7168B54-201A-4374-BFE2-F8964D098C8C}.Release|Any CPU.Build.0 = Release|Any CPU
		{E7168B54-201A-4374-BFE2-F8964D098C8C}.Release|x64.ActiveCfg = Release|Any CPU
		{E7168B54-201A-4374-BFE2-F8964D098C8C}.Release|x64.Build.0 = Release|Any CPU
		{E7168B54-201A-4374-BFE2-F8964D098C8C}.Release|x86.ActiveCfg = Release|Any CPU
		{E7168B54-201A-4374-BFE2-F8964D098C8C}.Release|x86.Build.0 = Release|Any CPU
		{B0E5FD77-5DBC-4591-B58F-7AAFB3AD9017}.Debug|Any CPU.ActiveCfg = Debug|Any CPU
		{B0E5FD77-5DBC-4591-B58F-7AAFB3AD9017}.Debug|Any CPU.Build.0 = Debug|Any CPU
		{B0E5FD77-5DBC-4591-B58F-7AAFB3AD9017}.Debug|x64.ActiveCfg = Debug|Any CPU
		{B0E5FD77-5DBC-4591-B58F-7AAFB3AD9017}.Debug|x64.Build.0 = Debug|Any CPU
		{B0E5FD77-5DBC-4591-B58F-7AAFB3AD9017}.Debug|x86.ActiveCfg = Debug|Any CPU
		{B0E5FD77-5DBC-4591-B58F-7AAFB3AD9017}.Debug|x86.Build.0 = Debug|Any CPU
		{B0E5FD77-5DBC-4591-B58F-7AAFB3AD9017}.Release|Any CPU.ActiveCfg = Release|Any CPU
		{B0E5FD77-5DBC-4591-B58F-7AAFB3AD9017}.Release|Any CPU.Build.0 = Release|Any CPU
		{B0E5FD77-5DBC-4591-B58F-7AAFB3AD9017}.Release|x64.ActiveCfg = Release|Any CPU
		{B0E5FD77-5DBC-4591-B58F-7AAFB3AD9017}.Release|x64.Build.0 = Release|Any CPU
		{B0E5FD77-5DBC-4591-B58F-7AAFB3AD9017}.Release|x86.ActiveCfg = Release|Any CPU
		{B0E5FD77-5DBC-4591-B58F-7AAFB3AD9017}.Release|x86.Build.0 = Release|Any CPU
		{935C8459-BE70-4065-A13E-D2E7792CC394}.Debug|Any CPU.ActiveCfg = Debug|Any CPU
		{935C8459-BE70-4065-A13E-D2E7792CC394}.Debug|Any CPU.Build.0 = Debug|Any CPU
		{935C8459-BE70-4065-A13E-D2E7792CC394}.Debug|x64.ActiveCfg = Debug|Any CPU
		{935C8459-BE70-4065-A13E-D2E7792CC394}.Debug|x64.Build.0 = Debug|Any CPU
		{935C8459-BE70-4065-A13E-D2E7792CC394}.Debug|x86.ActiveCfg = Debug|Any CPU
		{935C8459-BE70-4065-A13E-D2E7792CC394}.Debug|x86.Build.0 = Debug|Any CPU
		{935C8459-BE70-4065-A13E-D2E7792CC394}.Release|Any CPU.ActiveCfg = Release|Any CPU
		{935C8459-BE70-4065-A13E-D2E7792CC394}.Release|Any CPU.Build.0 = Release|Any CPU
		{935C8459-BE70-4065-A13E-D2E7792CC394}.Release|x64.ActiveCfg = Release|Any CPU
		{935C8459-BE70-4065-A13E-D2E7792CC394}.Release|x64.Build.0 = Release|Any CPU
		{935C8459-BE70-4065-A13E-D2E7792CC394}.Release|x86.ActiveCfg = Release|Any CPU
		{935C8459-BE70-4065-A13E-D2E7792CC394}.Release|x86.Build.0 = Release|Any CPU
		{AE3605C2-4793-47D7-8B27-4E9F875F22D1}.Debug|Any CPU.ActiveCfg = Debug|Any CPU
		{AE3605C2-4793-47D7-8B27-4E9F875F22D1}.Debug|Any CPU.Build.0 = Debug|Any CPU
		{AE3605C2-4793-47D7-8B27-4E9F875F22D1}.Debug|x64.ActiveCfg = Debug|Any CPU
		{AE3605C2-4793-47D7-8B27-4E9F875F22D1}.Debug|x64.Build.0 = Debug|Any CPU
		{AE3605C2-4793-47D7-8B27-4E9F875F22D1}.Debug|x86.ActiveCfg = Debug|Any CPU
		{AE3605C2-4793-47D7-8B27-4E9F875F22D1}.Debug|x86.Build.0 = Debug|Any CPU
		{AE3605C2-4793-47D7-8B27-4E9F875F22D1}.Release|Any CPU.ActiveCfg = Release|Any CPU
		{AE3605C2-4793-47D7-8B27-4E9F875F22D1}.Release|Any CPU.Build.0 = Release|Any CPU
		{AE3605C2-4793-47D7-8B27-4E9F875F22D1}.Release|x64.ActiveCfg = Release|Any CPU
		{AE3605C2-4793-47D7-8B27-4E9F875F22D1}.Release|x64.Build.0 = Release|Any CPU
		{AE3605C2-4793-47D7-8B27-4E9F875F22D1}.Release|x86.ActiveCfg = Release|Any CPU
		{AE3605C2-4793-47D7-8B27-4E9F875F22D1}.Release|x86.Build.0 = Release|Any CPU
		{4A752EDC-7CBA-4A04-B9A8-46795E6A065E}.Debug|Any CPU.ActiveCfg = Debug|Any CPU
		{4A752EDC-7CBA-4A04-B9A8-46795E6A065E}.Debug|Any CPU.Build.0 = Debug|Any CPU
		{4A752EDC-7CBA-4A04-B9A8-46795E6A065E}.Debug|x64.ActiveCfg = Debug|Any CPU
		{4A752EDC-7CBA-4A04-B9A8-46795E6A065E}.Debug|x64.Build.0 = Debug|Any CPU
		{4A752EDC-7CBA-4A04-B9A8-46795E6A065E}.Debug|x86.ActiveCfg = Debug|Any CPU
		{4A752EDC-7CBA-4A04-B9A8-46795E6A065E}.Debug|x86.Build.0 = Debug|Any CPU
		{4A752EDC-7CBA-4A04-B9A8-46795E6A065E}.Release|Any CPU.ActiveCfg = Release|Any CPU
		{4A752EDC-7CBA-4A04-B9A8-46795E6A065E}.Release|Any CPU.Build.0 = Release|Any CPU
		{4A752EDC-7CBA-4A04-B9A8-46795E6A065E}.Release|x64.ActiveCfg = Release|Any CPU
		{4A752EDC-7CBA-4A04-B9A8-46795E6A065E}.Release|x64.Build.0 = Release|Any CPU
		{4A752EDC-7CBA-4A04-B9A8-46795E6A065E}.Release|x86.ActiveCfg = Release|Any CPU
		{4A752EDC-7CBA-4A04-B9A8-46795E6A065E}.Release|x86.Build.0 = Release|Any CPU
	EndGlobalSection
	GlobalSection(SolutionProperties) = preSolution
		HideSolutionNode = FALSE
	EndGlobalSection
	GlobalSection(NestedProjects) = preSolution
		{E7168B54-201A-4374-BFE2-F8964D098C8C} = {827E0CD3-B72D-47B6-A68D-7590B98EB39B}
		{B0E5FD77-5DBC-4591-B58F-7AAFB3AD9017} = {827E0CD3-B72D-47B6-A68D-7590B98EB39B}
		{935C8459-BE70-4065-A13E-D2E7792CC394} = {827E0CD3-B72D-47B6-A68D-7590B98EB39B}
		{AE3605C2-4793-47D7-8B27-4E9F875F22D1} = {827E0CD3-B72D-47B6-A68D-7590B98EB39B}
		{4A752EDC-7CBA-4A04-B9A8-46795E6A065E} = {0AB3BF05-4346-4AA6-1389-037BE0695223}
	EndGlobalSection
EndGlobal
